{
  "name": "benchmarks",
  "version": "1.0.0",
  "lockfileVersion": 3,
  "requires": true,
  "packages": {
    "": {
      "name": "benchmarks",
      "version": "1.0.0",
      "license": "ISC",
      "dependencies": {
        "@dylo/encoding": "^0.0.1"
      }
    },
    "node_modules/@dylo/encoding": {
      "version": "0.0.1",
      "resolved": "https://registry.npmjs.org/@dylo/encoding/-/encoding-0.0.1.tgz",
      "integrity": "sha512-9AljVGV64fWvozW3Xt9nuz+QmoBj/XDhlFAs19w+Rdn4xlOG3ebpl3IjfPTJ2zMdp6hbeJeFvsVpNXZBdusMbg==",
      "engines": {
        "node": ">= 10"
      },
      "optionalDependencies": {
        "@dylo/encoding-android-arm-eabi": "0.0.1",
        "@dylo/encoding-android-arm64": "0.0.1",
        "@dylo/encoding-darwin-arm64": "0.0.1",
        "@dylo/encoding-darwin-universal": "0.0.1",
        "@dylo/encoding-darwin-x64": "0.0.1",
        "@dylo/encoding-freebsd-x64": "0.0.1",
        "@dylo/encoding-linux-arm-gnueabihf": "0.0.1",
        "@dylo/encoding-linux-arm-musleabihf": "0.0.1",
        "@dylo/encoding-linux-arm64-gnu": "0.0.1",
        "@dylo/encoding-linux-arm64-musl": "0.0.1",
        "@dylo/encoding-linux-riscv64-gnu": "0.0.1",
        "@dylo/encoding-linux-x64-gnu": "0.0.1",
        "@dylo/encoding-linux-x64-musl": "0.0.1",
        "@dylo/encoding-win32-arm64-msvc": "0.0.1",
        "@dylo/encoding-win32-ia32-msvc": "0.0.1",
        "@dylo/encoding-win32-x64-msvc": "0.0.1"
      }
    },
    "node_modules/@dylo/encoding-android-arm-eabi": {
      "version": "0.0.1",
      "resolved": "https://registry.npmjs.org/@dylo/encoding-android-arm-eabi/-/encoding-android-arm-eabi-0.0.1.tgz",
      "integrity": "sha512-4SRfLLd59MNnGwoQncOQom4BggltoMIr3/GVKmDuKHP2V6dhjwUI8Tuc+kL80efhoI9NOxC11bgaMpAJR0eFmg==",
      "cpu": [
        "arm"
      ],
      "optional": true,
      "os": [
        "android"
      ],
      "engines": {
        "node": ">= 10"
      }
    },
    "node_modules/@dylo/encoding-android-arm64": {
      "version": "0.0.1",
      "resolved": "https://registry.npmjs.org/@dylo/encoding-android-arm64/-/encoding-android-arm64-0.0.1.tgz",
      "integrity": "sha512-Pm/Q3OGugZRrgfYoWZp5IieSCxjWWMVBf7FGSd6rEA4BGDBO2zYew8X6R5LJynj07NZiYTfmYlaN+mPhOPNnGg==",
      "cpu": [
        "arm64"
      ],
      "optional": true,
      "os": [
        "android"
      ],
      "engines": {
        "node": ">= 10"
      }
    },
    "node_modules/@dylo/encoding-darwin-arm64": {
      "version": "0.0.1",
      "resolved": "https://registry.npmjs.org/@dylo/encoding-darwin-arm64/-/encoding-darwin-arm64-0.0.1.tgz",
      "integrity": "sha512-h69L0fSJK1y4uYt681/dP62Ort8VwX/yJijRYl2SsRo8qca7CtA10Nc5yOALXffPBjRuySzL3jgdqZWHY2hxEQ==",
      "cpu": [
        "arm64"
      ],
      "optional": true,
      "os": [
        "darwin"
      ],
      "engines": {
        "node": ">= 10"
      }
    },
    "node_modules/@dylo/encoding-darwin-universal": {
      "version": "0.0.1",
      "resolved": "https://registry.npmjs.org/@dylo/encoding-darwin-universal/-/encoding-darwin-universal-0.0.1.tgz",
      "integrity": "sha512-tiFLWZORX3vq0v7d34FQ/I7QSnsWvT5Y8pmbiTvPvEo8cajR+t1dLZwS6XPKJHDmVexCOD6bhRHBajxJNCYSPg==",
      "optional": true,
      "os": [
        "darwin"
      ],
      "engines": {
        "node": ">= 10"
      }
    },
    "node_modules/@dylo/encoding-darwin-x64": {
      "version": "0.0.1",
      "resolved": "https://registry.npmjs.org/@dylo/encoding-darwin-x64/-/encoding-darwin-x64-0.0.1.tgz",
      "integrity": "sha512-MFmavx+m+33LzqcaPmwUPaKDG1YaBeC4lAty24axBxOXZpsoQGGvusvn3k49hHrT2rWQvvXqVXoLbCHY+YR7Tg==",
      "cpu": [
        "x64"
      ],
      "optional": true,
      "os": [
        "darwin"
      ],
      "engines": {
        "node": ">= 10"
      }
    },
    "node_modules/@dylo/encoding-freebsd-x64": {
      "version": "0.0.1",
      "resolved": "https://registry.npmjs.org/@dylo/encoding-freebsd-x64/-/encoding-freebsd-x64-0.0.1.tgz",
      "integrity": "sha512-vO+L1Xpl4SvR5HDFQtu8uOmbjES628DwwozwJk+zs2l+Z5KgYRVLXxszw9vMSjSv7ugWdDqw/Sztd6w8BGwriw==",
      "cpu": [
        "x64"
      ],
      "optional": true,
      "os": [
        "freebsd"
      ],
      "engines": {
        "node": ">= 10"
      }
    },
    "node_modules/@dylo/encoding-linux-arm-gnueabihf": {
      "version": "0.0.1",
      "resolved": "https://registry.npmjs.org/@dylo/encoding-linux-arm-gnueabihf/-/encoding-linux-arm-gnueabihf-0.0.1.tgz",
      "integrity": "sha512-U+rYySVWmvvGfOSwo2UJf6FQUcwu3pHxgJwMw74WSrgKS0zOZ/3gy3MYK9XyXgmFPSb56W1BmgYBicJc41hbig==",
      "cpu": [
        "arm"
      ],
      "optional": true,
      "os": [
        "linux"
      ],
      "engines": {
        "node": ">= 10"
      }
    },
    "node_modules/@dylo/encoding-linux-arm-musleabihf": {
      "version": "0.0.1",
      "resolved": "https://registry.npmjs.org/@dylo/encoding-linux-arm-musleabihf/-/encoding-linux-arm-musleabihf-0.0.1.tgz",
      "integrity": "sha512-6idQ0qLB3LicBGHkI/rzvJPglXMVmRCdJMumXEWHOtqpaszmfD7rgGMRAttEg/SuCDvdaJwF91smlSPlm8gIXw==",
      "cpu": [
        "arm"
      ],
      "optional": true,
      "os": [
        "linux"
      ],
      "engines": {
        "node": ">= 10"
      }
    },
    "node_modules/@dylo/encoding-linux-arm64-gnu": {
      "version": "0.0.1",
      "resolved": "https://registry.npmjs.org/@dylo/encoding-linux-arm64-gnu/-/encoding-linux-arm64-gnu-0.0.1.tgz",
      "integrity": "sha512-oQSjHUMDuFuJMHQcf45lmsamk1Zp8OmRrgTvi1Fbr+w0iZFVfgiwYnLDTNcuBwFr95H+b7RLCr7gXUXJZDFFqg==",
      "cpu": [
        "arm64"
      ],
      "optional": true,
      "os": [
        "linux"
      ],
      "engines": {
        "node": ">= 10"
      }
    },
    "node_modules/@dylo/encoding-linux-arm64-musl": {
      "version": "0.0.1",
      "resolved": "https://registry.npmjs.org/@dylo/encoding-linux-arm64-musl/-/encoding-linux-arm64-musl-0.0.1.tgz",
      "integrity": "sha512-h7U73DouYa7Hzu46CFDdMly/nxGeJrmhJ1htpBp++4IlmbI99VSFnW+kivFdadWozoH+nXQzV91BPj3YRlA3aA==",
      "cpu": [
        "arm64"
      ],
      "optional": true,
      "os": [
        "linux"
      ],
      "engines": {
        "node": ">= 10"
      }
    },
    "node_modules/@dylo/encoding-linux-riscv64-gnu": {
      "version": "0.0.1",
      "resolved": "https://registry.npmjs.org/@dylo/encoding-linux-riscv64-gnu/-/encoding-linux-riscv64-gnu-0.0.1.tgz",
      "integrity": "sha512-sLc6EIwEjcgKwgI1aZJrFP64RLHHD3oSFvCi0VYFjg1q8fxi48i3Lte6opay17myQLqwCkHeppwGov1kgcw9lw==",
      "cpu": [
        "riscv64"
      ],
      "optional": true,
      "os": [
        "linux"
      ],
      "engines": {
        "node": ">= 10"
      }
    },
    "node_modules/@dylo/encoding-linux-x64-gnu": {
      "version": "0.0.1",
      "resolved": "https://registry.npmjs.org/@dylo/encoding-linux-x64-gnu/-/encoding-linux-x64-gnu-0.0.1.tgz",
      "integrity": "sha512-C5kZmy9gXp7CQjItnZailI+FQ1PzPBLQQsrEt47k0+R5xFP1yVuVI81u3v72sfXt7OMG4VXyTofvFH2gvvK6Pg==",
      "cpu": [
        "x64"
      ],
      "optional": true,
      "os": [
        "linux"
      ],
      "engines": {
        "node": ">= 10"
      }
    },
    "node_modules/@dylo/encoding-linux-x64-musl": {
      "version": "0.0.1",
      "resolved": "https://registry.npmjs.org/@dylo/encoding-linux-x64-musl/-/encoding-linux-x64-musl-0.0.1.tgz",
      "integrity": "sha512-yeCc+wtXKB6Fl5RUAvJlhwjgOaVjXHR3wy4EvQrOVV3yo6RslbGXTDQxaZAzC8ZKeD1oL6MB724sEub89nocVw==",
      "cpu": [
        "x64"
      ],
      "optional": true,
      "os": [
        "linux"
      ],
      "engines": {
        "node": ">= 10"
      }
    },
    "node_modules/@dylo/encoding-win32-arm64-msvc": {
      "version": "0.0.1",
      "resolved": "https://registry.npmjs.org/@dylo/encoding-win32-arm64-msvc/-/encoding-win32-arm64-msvc-0.0.1.tgz",
      "integrity": "sha512-PdF0oXuvdFyRX2S+krAt13ZceBEKIKIPnwpCoDRd+Y4ksHW7H8xNYRAgt0X3MCv4wNWok5KgY3Hf6ELV83Ygkg==",
      "cpu": [
        "arm64"
      ],
      "optional": true,
      "os": [
        "win32"
      ],
      "engines": {
        "node": ">= 10"
      }
    },
    "node_modules/@dylo/encoding-win32-ia32-msvc": {
      "version": "0.0.1",
      "resolved": "https://registry.npmjs.org/@dylo/encoding-win32-ia32-msvc/-/encoding-win32-ia32-msvc-0.0.1.tgz",
      "integrity": "sha512-WF/vxkCvTTIWcVv2/8Haqcj1npypvwl2XxzYjzVX68WhuxuhggYMwkOBmbxhuD+apVtxvuABYCNSL2KKoxj2lQ==",
      "cpu": [
        "ia32"
      ],
      "optional": true,
      "os": [
        "win32"
      ],
      "engines": {
        "node": ">= 10"
      }
    },
    "node_modules/@dylo/encoding-win32-x64-msvc": {
      "version": "0.0.1",
      "resolved": "https://registry.npmjs.org/@dylo/encoding-win32-x64-msvc/-/encoding-win32-x64-msvc-0.0.1.tgz",
      "integrity": "sha512-iYWmuA0vYzabdsuwALXkjLLpgzJpqjZOwGVaGXVqGjNwqVJQjNynl/+95Ez5XEUArCkFh0FXWYF4gfJTnPJV1A==",
      "cpu": [
        "x64"
      ],
      "optional": true,
      "os": [
        "win32"
      ],
      "engines": {
        "node": ">= 10"
      }
    }
  }
}
